// !$*UTF8*$!
{
	archiveVersion = 1;
	classes = {
	};
	objectVersion = 56;
	objects = {

/* Begin PBXBuildFile section */
		EB0780C02AA304C5000C4C77 /* ImageManager.swift in Sources */ = {isa = PBXBuildFile; fileRef = EB0780BF2AA304C5000C4C77 /* ImageManager.swift */; };
		EB0780C22AA30F89000C4C77 /* MoviesCellDataModel.swift in Sources */ = {isa = PBXBuildFile; fileRef = EB0780C12AA30F89000C4C77 /* MoviesCellDataModel.swift */; };
		EB0780C42AA44DF3000C4C77 /* AppTypes.swift in Sources */ = {isa = PBXBuildFile; fileRef = EB0780C32AA44DF3000C4C77 /* AppTypes.swift */; };
		EB0780C82AA44E76000C4C77 /* ObserverPattern.swift in Sources */ = {isa = PBXBuildFile; fileRef = EB0780C72AA44E76000C4C77 /* ObserverPattern.swift */; };
		EB0780CE2AA59840000C4C77 /* RequestBuilder.swift in Sources */ = {isa = PBXBuildFile; fileRef = EB0780CD2AA59840000C4C77 /* RequestBuilder.swift */; };
		EB0780D02AA59DCC000C4C77 /* NetworkHandler.swift in Sources */ = {isa = PBXBuildFile; fileRef = EB0780CF2AA59DCC000C4C77 /* NetworkHandler.swift */; };
		EB0780D82AA71336000C4C77 /* Loader.swift in Sources */ = {isa = PBXBuildFile; fileRef = EB0780D72AA71336000C4C77 /* Loader.swift */; };
		EB0780DA2AA8373C000C4C77 /* ImageLoader.swift in Sources */ = {isa = PBXBuildFile; fileRef = EB0780D92AA8373C000C4C77 /* ImageLoader.swift */; };
		EB0780DC2AA84893000C4C77 /* Helper.swift in Sources */ = {isa = PBXBuildFile; fileRef = EB0780DB2AA84893000C4C77 /* Helper.swift */; };
		EB0780E02AA84DCB000C4C77 /* MovieDBAPIHandler.swift in Sources */ = {isa = PBXBuildFile; fileRef = EB0780DF2AA84DCB000C4C77 /* MovieDBAPIHandler.swift */; };
		EB0780E42AA851A9000C4C77 /* DataRequestHandler.swift in Sources */ = {isa = PBXBuildFile; fileRef = EB0780E32AA851A9000C4C77 /* DataRequestHandler.swift */; };
		EB0780E62AA8622D000C4C77 /* MovieSearchViewController.swift in Sources */ = {isa = PBXBuildFile; fileRef = EB0780E52AA8622D000C4C77 /* MovieSearchViewController.swift */; };
		EB2058CD2AA86FDE0052B30F /* MovieSearchViewDataModel.swift in Sources */ = {isa = PBXBuildFile; fileRef = EB2058CC2AA86FDE0052B30F /* MovieSearchViewDataModel.swift */; };
		EB2058CF2AA88DCA0052B30F /* CacheHandler.swift in Sources */ = {isa = PBXBuildFile; fileRef = EB2058CE2AA88DCA0052B30F /* CacheHandler.swift */; };
		EB2058D42AAAD8EB0052B30F /* LoadingActivityHandler.swift in Sources */ = {isa = PBXBuildFile; fileRef = EB2058D32AAAD8EB0052B30F /* LoadingActivityHandler.swift */; };
		EB2058DC2AB0B1780052B30F /* MovieTableViewHelper.swift in Sources */ = {isa = PBXBuildFile; fileRef = EB2058DB2AB0B1780052B30F /* MovieTableViewHelper.swift */; };
		EB273F962A9CD94500C26507 /* MovieDBAPIDataModels.swift in Sources */ = {isa = PBXBuildFile; fileRef = EB273F952A9CD94400C26507 /* MovieDBAPIDataModels.swift */; };
		EB273F982A9CDA1400C26507 /* AppConstants.swift in Sources */ = {isa = PBXBuildFile; fileRef = EB273F972A9CDA1400C26507 /* AppConstants.swift */; };
		EB273FA42A9E114E00C26507 /* MovieArchiveViewDataModel.swift in Sources */ = {isa = PBXBuildFile; fileRef = EB273FA32A9E114E00C26507 /* MovieArchiveViewDataModel.swift */; };
		EB61E4DD2A95C9BB00017AF9 /* AppDelegate.swift in Sources */ = {isa = PBXBuildFile; fileRef = EB61E4DC2A95C9BB00017AF9 /* AppDelegate.swift */; };
		EB61E4DF2A95C9BB00017AF9 /* SceneDelegate.swift in Sources */ = {isa = PBXBuildFile; fileRef = EB61E4DE2A95C9BB00017AF9 /* SceneDelegate.swift */; };
		EB61E4E42A95C9BB00017AF9 /* Main.storyboard in Resources */ = {isa = PBXBuildFile; fileRef = EB61E4E22A95C9BB00017AF9 /* Main.storyboard */; };
		EB61E4E62A95C9BC00017AF9 /* Assets.xcassets in Resources */ = {isa = PBXBuildFile; fileRef = EB61E4E52A95C9BC00017AF9 /* Assets.xcassets */; };
		EB61E4E92A95C9BC00017AF9 /* LaunchScreen.storyboard in Resources */ = {isa = PBXBuildFile; fileRef = EB61E4E72A95C9BC00017AF9 /* LaunchScreen.storyboard */; };
		EB61E4F32A95CD5400017AF9 /* MovieDetailsViewController.swift in Sources */ = {isa = PBXBuildFile; fileRef = EB61E4F22A95CD5400017AF9 /* MovieDetailsViewController.swift */; };
		EB61E4FF2A95FEA900017AF9 /* MovieArchiveViewController.swift in Sources */ = {isa = PBXBuildFile; fileRef = EB61E4FE2A95FEA900017AF9 /* MovieArchiveViewController.swift */; };
		EB61E5052A960AAD00017AF9 /* MoviesTableViewCell.swift in Sources */ = {isa = PBXBuildFile; fileRef = EB61E5042A960AAD00017AF9 /* MoviesTableViewCell.swift */; };
		EBBA174C2AA02E610063E0A6 /* MovieDetailsViewDataModel.swift in Sources */ = {isa = PBXBuildFile; fileRef = EBBA174B2AA02E610063E0A6 /* MovieDetailsViewDataModel.swift */; };
		EBBA174E2AA03B940063E0A6 /* DataManager.swift in Sources */ = {isa = PBXBuildFile; fileRef = EBBA174D2AA03B940063E0A6 /* DataManager.swift */; };
/* End PBXBuildFile section */

/* Begin PBXFileReference section */
		EB0780BF2AA304C5000C4C77 /* ImageManager.swift */ = {isa = PBXFileReference; lastKnownFileType = sourcecode.swift; path = ImageManager.swift; sourceTree = "<group>"; };
		EB0780C12AA30F89000C4C77 /* MoviesCellDataModel.swift */ = {isa = PBXFileReference; lastKnownFileType = sourcecode.swift; path = MoviesCellDataModel.swift; sourceTree = "<group>"; };
		EB0780C32AA44DF3000C4C77 /* AppTypes.swift */ = {isa = PBXFileReference; lastKnownFileType = sourcecode.swift; path = AppTypes.swift; sourceTree = "<group>"; };
		EB0780C72AA44E76000C4C77 /* ObserverPattern.swift */ = {isa = PBXFileReference; lastKnownFileType = sourcecode.swift; path = ObserverPattern.swift; sourceTree = "<group>"; };
		EB0780CD2AA59840000C4C77 /* RequestBuilder.swift */ = {isa = PBXFileReference; lastKnownFileType = sourcecode.swift; path = RequestBuilder.swift; sourceTree = "<group>"; };
		EB0780CF2AA59DCC000C4C77 /* NetworkHandler.swift */ = {isa = PBXFileReference; lastKnownFileType = sourcecode.swift; path = NetworkHandler.swift; sourceTree = "<group>"; };
		EB0780D72AA71336000C4C77 /* Loader.swift */ = {isa = PBXFileReference; lastKnownFileType = sourcecode.swift; path = Loader.swift; sourceTree = "<group>"; };
		EB0780D92AA8373C000C4C77 /* ImageLoader.swift */ = {isa = PBXFileReference; lastKnownFileType = sourcecode.swift; path = ImageLoader.swift; sourceTree = "<group>"; };
		EB0780DB2AA84893000C4C77 /* Helper.swift */ = {isa = PBXFileReference; lastKnownFileType = sourcecode.swift; path = Helper.swift; sourceTree = "<group>"; };
		EB0780DF2AA84DCB000C4C77 /* MovieDBAPIHandler.swift */ = {isa = PBXFileReference; lastKnownFileType = sourcecode.swift; path = MovieDBAPIHandler.swift; sourceTree = "<group>"; };
		EB0780E32AA851A9000C4C77 /* DataRequestHandler.swift */ = {isa = PBXFileReference; lastKnownFileType = sourcecode.swift; path = DataRequestHandler.swift; sourceTree = "<group>"; };
		EB0780E52AA8622D000C4C77 /* MovieSearchViewController.swift */ = {isa = PBXFileReference; lastKnownFileType = sourcecode.swift; path = MovieSearchViewController.swift; sourceTree = "<group>"; };
		EB2058CC2AA86FDE0052B30F /* MovieSearchViewDataModel.swift */ = {isa = PBXFileReference; lastKnownFileType = sourcecode.swift; path = MovieSearchViewDataModel.swift; sourceTree = "<group>"; };
		EB2058CE2AA88DCA0052B30F /* CacheHandler.swift */ = {isa = PBXFileReference; lastKnownFileType = sourcecode.swift; path = CacheHandler.swift; sourceTree = "<group>"; };
		EB2058D32AAAD8EB0052B30F /* LoadingActivityHandler.swift */ = {isa = PBXFileReference; lastKnownFileType = sourcecode.swift; path = LoadingActivityHandler.swift; sourceTree = "<group>"; };
		EB2058DB2AB0B1780052B30F /* MovieTableViewHelper.swift */ = {isa = PBXFileReference; lastKnownFileType = sourcecode.swift; path = MovieTableViewHelper.swift; sourceTree = "<group>"; };
		EB273F952A9CD94400C26507 /* MovieDBAPIDataModels.swift */ = {isa = PBXFileReference; lastKnownFileType = sourcecode.swift; path = MovieDBAPIDataModels.swift; sourceTree = "<group>"; };
		EB273F972A9CDA1400C26507 /* AppConstants.swift */ = {isa = PBXFileReference; lastKnownFileType = sourcecode.swift; path = AppConstants.swift; sourceTree = "<group>"; };
		EB273FA32A9E114E00C26507 /* MovieArchiveViewDataModel.swift */ = {isa = PBXFileReference; lastKnownFileType = sourcecode.swift; path = MovieArchiveViewDataModel.swift; sourceTree = "<group>"; };
		EB61E4D92A95C9BB00017AF9 /* Training Assignment.app */ = {isa = PBXFileReference; explicitFileType = wrapper.application; includeInIndex = 0; path = "Training Assignment.app"; sourceTree = BUILT_PRODUCTS_DIR; };
		EB61E4DC2A95C9BB00017AF9 /* AppDelegate.swift */ = {isa = PBXFileReference; lastKnownFileType = sourcecode.swift; path = AppDelegate.swift; sourceTree = "<group>"; };
		EB61E4DE2A95C9BB00017AF9 /* SceneDelegate.swift */ = {isa = PBXFileReference; lastKnownFileType = sourcecode.swift; path = SceneDelegate.swift; sourceTree = "<group>"; };
		EB61E4E32A95C9BB00017AF9 /* Base */ = {isa = PBXFileReference; lastKnownFileType = file.storyboard; name = Base; path = Base.lproj/Main.storyboard; sourceTree = "<group>"; };
		EB61E4E52A95C9BC00017AF9 /* Assets.xcassets */ = {isa = PBXFileReference; lastKnownFileType = folder.assetcatalog; path = Assets.xcassets; sourceTree = "<group>"; };
		EB61E4E82A95C9BC00017AF9 /* Base */ = {isa = PBXFileReference; lastKnownFileType = file.storyboard; name = Base; path = Base.lproj/LaunchScreen.storyboard; sourceTree = "<group>"; };
		EB61E4EA2A95C9BC00017AF9 /* Info.plist */ = {isa = PBXFileReference; lastKnownFileType = text.plist.xml; path = Info.plist; sourceTree = "<group>"; };
		EB61E4F22A95CD5400017AF9 /* MovieDetailsViewController.swift */ = {isa = PBXFileReference; lastKnownFileType = sourcecode.swift; path = MovieDetailsViewController.swift; sourceTree = "<group>"; };
		EB61E4FE2A95FEA900017AF9 /* MovieArchiveViewController.swift */ = {isa = PBXFileReference; lastKnownFileType = sourcecode.swift; path = MovieArchiveViewController.swift; sourceTree = "<group>"; };
		EB61E5042A960AAD00017AF9 /* MoviesTableViewCell.swift */ = {isa = PBXFileReference; lastKnownFileType = sourcecode.swift; path = MoviesTableViewCell.swift; sourceTree = "<group>"; };
		EBBA174B2AA02E610063E0A6 /* MovieDetailsViewDataModel.swift */ = {isa = PBXFileReference; lastKnownFileType = sourcecode.swift; path = MovieDetailsViewDataModel.swift; sourceTree = "<group>"; };
		EBBA174D2AA03B940063E0A6 /* DataManager.swift */ = {isa = PBXFileReference; lastKnownFileType = sourcecode.swift; path = DataManager.swift; sourceTree = "<group>"; };
/* End PBXFileReference section */

/* Begin PBXFrameworksBuildPhase section */
		EB61E4D62A95C9BB00017AF9 /* Frameworks */ = {
			isa = PBXFrameworksBuildPhase;
			buildActionMask = 2147483647;
			files = (
			);
			runOnlyForDeploymentPostprocessing = 0;
		};
/* End PBXFrameworksBuildPhase section */

/* Begin PBXGroup section */
		EB0780C52AA44E07000C4C77 /* Types & Constants */ = {
			isa = PBXGroup;
			children = (
				EB0780C32AA44DF3000C4C77 /* AppTypes.swift */,
				EB0780DB2AA84893000C4C77 /* Helper.swift */,
				EB2058DB2AB0B1780052B30F /* MovieTableViewHelper.swift */,
				EB273F972A9CDA1400C26507 /* AppConstants.swift */,
			);
			path = "Types & Constants";
			sourceTree = "<group>";
		};
		EB0780C62AA44E51000C4C77 /* Protocols */ = {
			isa = PBXGroup;
			children = (
				EB0780C72AA44E76000C4C77 /* ObserverPattern.swift */,
				EB2058CE2AA88DCA0052B30F /* CacheHandler.swift */,
				EB0780D92AA8373C000C4C77 /* ImageLoader.swift */,
				EB0780DF2AA84DCB000C4C77 /* MovieDBAPIHandler.swift */,
				EB0780E32AA851A9000C4C77 /* DataRequestHandler.swift */,
				EB2058D32AAAD8EB0052B30F /* LoadingActivityHandler.swift */,
			);
			path = Protocols;
			sourceTree = "<group>";
		};
		EB2058CB2AA86F920052B30F /* Movie Search Page MVC */ = {
			isa = PBXGroup;
			children = (
				EB0780E52AA8622D000C4C77 /* MovieSearchViewController.swift */,
				EB2058CC2AA86FDE0052B30F /* MovieSearchViewDataModel.swift */,
			);
			path = "Movie Search Page MVC";
			sourceTree = "<group>";
		};
		EB2058D02AA88F7C0052B30F /* Movie Cell MVC  */ = {
			isa = PBXGroup;
			children = (
				EB0780C12AA30F89000C4C77 /* MoviesCellDataModel.swift */,
				EB61E5042A960AAD00017AF9 /* MoviesTableViewCell.swift */,
			);
			path = "Movie Cell MVC ";
			sourceTree = "<group>";
		};
		EB273F9A2A9CDEFF00C26507 /* Managers */ = {
			isa = PBXGroup;
			children = (
				EBBA174D2AA03B940063E0A6 /* DataManager.swift */,
				EB0780CF2AA59DCC000C4C77 /* NetworkHandler.swift */,
				EB0780BF2AA304C5000C4C77 /* ImageManager.swift */,
				EB0780CD2AA59840000C4C77 /* RequestBuilder.swift */,
				EB0780D72AA71336000C4C77 /* Loader.swift */,
			);
			path = Managers;
			sourceTree = "<group>";
		};
		EB2C5CFC2AA0BB1300AC7F3B /* Movie Archive Page MVC */ = {
			isa = PBXGroup;
			children = (
				EB61E4FE2A95FEA900017AF9 /* MovieArchiveViewController.swift */,
				EB273FA32A9E114E00C26507 /* MovieArchiveViewDataModel.swift */,
			);
			path = "Movie Archive Page MVC";
			sourceTree = "<group>";
		};
		EB2C5CFD2AA0BB3400AC7F3B /* Movie Details Page MVC */ = {
			isa = PBXGroup;
			children = (
				EB61E4F22A95CD5400017AF9 /* MovieDetailsViewController.swift */,
				EBBA174B2AA02E610063E0A6 /* MovieDetailsViewDataModel.swift */,
			);
			path = "Movie Details Page MVC";
			sourceTree = "<group>";
		};
		EB2C5CFE2AA0BB9500AC7F3B /* Movie Data Model */ = {
			isa = PBXGroup;
			children = (
				EB273F952A9CD94400C26507 /* MovieDBAPIDataModels.swift */,
			);
			path = "Movie Data Model";
			sourceTree = "<group>";
		};
		EB61E4D02A95C9BB00017AF9 = {
			isa = PBXGroup;
			children = (
				EB61E4DB2A95C9BB00017AF9 /* Training Assignment */,
				EB61E4DA2A95C9BB00017AF9 /* Products */,
			);
			sourceTree = "<group>";
		};
		EB61E4DA2A95C9BB00017AF9 /* Products */ = {
			isa = PBXGroup;
			children = (
				EB61E4D92A95C9BB00017AF9 /* Training Assignment.app */,
			);
			name = Products;
			sourceTree = "<group>";
		};
		EB61E4DB2A95C9BB00017AF9 /* Training Assignment */ = {
			isa = PBXGroup;
			children = (
				EB61E4E22A95C9BB00017AF9 /* Main.storyboard */,
				EB61E4DC2A95C9BB00017AF9 /* AppDelegate.swift */,
				EB61E4DE2A95C9BB00017AF9 /* SceneDelegate.swift */,
				EB0780C52AA44E07000C4C77 /* Types & Constants */,
				EB0780C62AA44E51000C4C77 /* Protocols */,
				EB2C5CFE2AA0BB9500AC7F3B /* Movie Data Model */,
				EB2C5CFD2AA0BB3400AC7F3B /* Movie Details Page MVC */,
				EB2C5CFC2AA0BB1300AC7F3B /* Movie Archive Page MVC */,
				EB2058CB2AA86F920052B30F /* Movie Search Page MVC */,
				EB2058D02AA88F7C0052B30F /* Movie Cell MVC  */,
				EB273F9A2A9CDEFF00C26507 /* Managers */,
				EB61E4E52A95C9BC00017AF9 /* Assets.xcassets */,
				EB61E4E72A95C9BC00017AF9 /* LaunchScreen.storyboard */,
				EB61E4EA2A95C9BC00017AF9 /* Info.plist */,
			);
			path = "Training Assignment";
			sourceTree = "<group>";
		};
/* End PBXGroup section */

/* Begin PBXNativeTarget section */
		EB61E4D82A95C9BB00017AF9 /* Training Assignment */ = {
			isa = PBXNativeTarget;
			buildConfigurationList = EB61E4ED2A95C9BC00017AF9 /* Build configuration list for PBXNativeTarget "Training Assignment" */;
			buildPhases = (
				EB61E4D52A95C9BB00017AF9 /* Sources */,
				EB61E4D62A95C9BB00017AF9 /* Frameworks */,
				EB61E4D72A95C9BB00017AF9 /* Resources */,
			);
			buildRules = (
			);
			dependencies = (
			);
			name = "Training Assignment";
			productName = "Training Assignment";
			productReference = EB61E4D92A95C9BB00017AF9 /* Training Assignment.app */;
			productType = "com.apple.product-type.application";
		};
/* End PBXNativeTarget section */

/* Begin PBXProject section */
		EB61E4D12A95C9BB00017AF9 /* Project object */ = {
			isa = PBXProject;
			attributes = {
				BuildIndependentTargetsInParallel = 1;
				LastSwiftUpdateCheck = 1430;
				LastUpgradeCheck = 1430;
				TargetAttributes = {
					EB61E4D82A95C9BB00017AF9 = {
						CreatedOnToolsVersion = 14.3.1;
					};
				};
			};
			buildConfigurationList = EB61E4D42A95C9BB00017AF9 /* Build configuration list for PBXProject "Training Assignment" */;
			compatibilityVersion = "Xcode 14.0";
			developmentRegion = en;
			hasScannedForEncodings = 0;
			knownRegions = (
				en,
				Base,
			);
			mainGroup = EB61E4D02A95C9BB00017AF9;
			productRefGroup = EB61E4DA2A95C9BB00017AF9 /* Products */;
			projectDirPath = "";
			projectRoot = "";
			targets = (
				EB61E4D82A95C9BB00017AF9 /* Training Assignment */,
			);
		};
/* End PBXProject section */

/* Begin PBXResourcesBuildPhase section */
		EB61E4D72A95C9BB00017AF9 /* Resources */ = {
			isa = PBXResourcesBuildPhase;
			buildActionMask = 2147483647;
			files = (
				EB61E4E92A95C9BC00017AF9 /* LaunchScreen.storyboard in Resources */,
				EB61E4E62A95C9BC00017AF9 /* Assets.xcassets in Resources */,
				EB61E4E42A95C9BB00017AF9 /* Main.storyboard in Resources */,
			);
			runOnlyForDeploymentPostprocessing = 0;
		};
/* End PBXResourcesBuildPhase section */

/* Begin PBXSourcesBuildPhase section */
		EB61E4D52A95C9BB00017AF9 /* Sources */ = {
			isa = PBXSourcesBuildPhase;
			buildActionMask = 2147483647;
			files = (
				EB0780CE2AA59840000C4C77 /* RequestBuilder.swift in Sources */,
				EB61E5052A960AAD00017AF9 /* MoviesTableViewCell.swift in Sources */,
				EB273FA42A9E114E00C26507 /* MovieArchiveViewDataModel.swift in Sources */,
				EB0780E62AA8622D000C4C77 /* MovieSearchViewController.swift in Sources */,
				EB2058CD2AA86FDE0052B30F /* MovieSearchViewDataModel.swift in Sources */,
				EB0780D82AA71336000C4C77 /* Loader.swift in Sources */,
				EB2058DC2AB0B1780052B30F /* MovieTableViewHelper.swift in Sources */,
				EB0780E42AA851A9000C4C77 /* DataRequestHandler.swift in Sources */,
				EB0780C02AA304C5000C4C77 /* ImageManager.swift in Sources */,
				EB61E4F32A95CD5400017AF9 /* MovieDetailsViewController.swift in Sources */,
				EB273F962A9CD94500C26507 /* MovieDBAPIDataModels.swift in Sources */,
				EB0780C82AA44E76000C4C77 /* ObserverPattern.swift in Sources */,
				EB2058D42AAAD8EB0052B30F /* LoadingActivityHandler.swift in Sources */,
				EB0780DC2AA84893000C4C77 /* Helper.swift in Sources */,
				EB0780D02AA59DCC000C4C77 /* NetworkHandler.swift in Sources */,
				EBBA174C2AA02E610063E0A6 /* MovieDetailsViewDataModel.swift in Sources */,
				EB61E4DD2A95C9BB00017AF9 /* AppDelegate.swift in Sources */,
				EB0780E02AA84DCB000C4C77 /* MovieDBAPIHandler.swift in Sources */,
				EB0780C42AA44DF3000C4C77 /* AppTypes.swift in Sources */,
				EB61E4FF2A95FEA900017AF9 /* MovieArchiveViewController.swift in Sources */,
				EBBA174E2AA03B940063E0A6 /* DataManager.swift in Sources */,
				EB0780DA2AA8373C000C4C77 /* ImageLoader.swift in Sources */,
				EB0780C22AA30F89000C4C77 /* MoviesCellDataModel.swift in Sources */,
				EB61E4DF2A95C9BB00017AF9 /* SceneDelegate.swift in Sources */,
				EB273F982A9CDA1400C26507 /* AppConstants.swift in Sources */,
				EB2058CF2AA88DCA0052B30F /* CacheHandler.swift in Sources */,
			);
			runOnlyForDeploymentPostprocessing = 0;
		};
/* End PBXSourcesBuildPhase section */

/* Begin PBXVariantGroup section */
		EB61E4E22A95C9BB00017AF9 /* Main.storyboard */ = {
			isa = PBXVariantGroup;
			children = (
				EB61E4E32A95C9BB00017AF9 /* Base */,
			);
			name = Main.storyboard;
			sourceTree = "<group>";
		};
		EB61E4E72A95C9BC00017AF9 /* LaunchScreen.storyboard */ = {
			isa = PBXVariantGroup;
			children = (
				EB61E4E82A95C9BC00017AF9 /* Base */,
			);
			name = LaunchScreen.storyboard;
			sourceTree = "<group>";
		};
/* End PBXVariantGroup section */

/* Begin XCBuildConfiguration section */
		EB61E4EB2A95C9BC00017AF9 /* Debug */ = {
			isa = XCBuildConfiguration;
			buildSettings = {
				ALWAYS_SEARCH_USER_PATHS = NO;
				CLANG_ANALYZER_NONNULL = YES;
				CLANG_ANALYZER_NUMBER_OBJECT_CONVERSION = YES_AGGRESSIVE;
				CLANG_CXX_LANGUAGE_STANDARD = "gnu++20";
				CLANG_ENABLE_MODULES = YES;
				CLANG_ENABLE_OBJC_ARC = YES;
				CLANG_ENABLE_OBJC_WEAK = YES;
				CLANG_WARN_BLOCK_CAPTURE_AUTORELEASING = YES;
				CLANG_WARN_BOOL_CONVERSION = YES;
				CLANG_WARN_COMMA = YES;
				CLANG_WARN_CONSTANT_CONVERSION = YES;
				CLANG_WARN_DEPRECATED_OBJC_IMPLEMENTATIONS = YES;
				CLANG_WARN_DIRECT_OBJC_ISA_USAGE = YES_ERROR;
				CLANG_WARN_DOCUMENTATION_COMMENTS = YES;
				CLANG_WARN_EMPTY_BODY = YES;
				CLANG_WARN_ENUM_CONVERSION = YES;
				CLANG_WARN_INFINITE_RECURSION = YES;
				CLANG_WARN_INT_CONVERSION = YES;
				CLANG_WARN_NON_LITERAL_NULL_CONVERSION = YES;
				CLANG_WARN_OBJC_IMPLICIT_RETAIN_SELF = YES;
				CLANG_WARN_OBJC_LITERAL_CONVERSION = YES;
				CLANG_WARN_OBJC_ROOT_CLASS = YES_ERROR;
				CLANG_WARN_QUOTED_INCLUDE_IN_FRAMEWORK_HEADER = YES;
				CLANG_WARN_RANGE_LOOP_ANALYSIS = YES;
				CLANG_WARN_STRICT_PROTOTYPES = YES;
				CLANG_WARN_SUSPICIOUS_MOVE = YES;
				CLANG_WARN_UNGUARDED_AVAILABILITY = YES_AGGRESSIVE;
				CLANG_WARN_UNREACHABLE_CODE = YES;
				CLANG_WARN__DUPLICATE_METHOD_MATCH = YES;
				COPY_PHASE_STRIP = NO;
				DEBUG_INFORMATION_FORMAT = dwarf;
				ENABLE_STRICT_OBJC_MSGSEND = YES;
				ENABLE_TESTABILITY = YES;
				GCC_C_LANGUAGE_STANDARD = gnu11;
				GCC_DYNAMIC_NO_PIC = NO;
				GCC_NO_COMMON_BLOCKS = YES;
				GCC_OPTIMIZATION_LEVEL = 0;
				GCC_PREPROCESSOR_DEFINITIONS = (
					"DEBUG=1",
					"$(inherited)",
				);
				GCC_WARN_64_TO_32_BIT_CONVERSION = YES;
				GCC_WARN_ABOUT_RETURN_TYPE = YES_ERROR;
				GCC_WARN_UNDECLARED_SELECTOR = YES;
				GCC_WARN_UNINITIALIZED_AUTOS = YES_AGGRESSIVE;
				GCC_WARN_UNUSED_FUNCTION = YES;
				GCC_WARN_UNUSED_VARIABLE = YES;
				IPHONEOS_DEPLOYMENT_TARGET = 16.4;
				MTL_ENABLE_DEBUG_INFO = INCLUDE_SOURCE;
				MTL_FAST_MATH = YES;
				ONLY_ACTIVE_ARCH = YES;
				SDKROOT = iphoneos;
				SWIFT_ACTIVE_COMPILATION_CONDITIONS = DEBUG;
				SWIFT_OPTIMIZATION_LEVEL = "-Onone";
			};
			name = Debug;
		};
		EB61E4EC2A95C9BC00017AF9 /* Release */ = {
			isa = XCBuildConfiguration;
			buildSettings = {
				ALWAYS_SEARCH_USER_PATHS = NO;
				CLANG_ANALYZER_NONNULL = YES;
				CLANG_ANALYZER_NUMBER_OBJECT_CONVERSION = YES_AGGRESSIVE;
				CLANG_CXX_LANGUAGE_STANDARD = "gnu++20";
				CLANG_ENABLE_MODULES = YES;
				CLANG_ENABLE_OBJC_ARC = YES;
				CLANG_ENABLE_OBJC_WEAK = YES;
				CLANG_WARN_BLOCK_CAPTURE_AUTORELEASING = YES;
				CLANG_WARN_BOOL_CONVERSION = YES;
				CLANG_WARN_COMMA = YES;
				CLANG_WARN_CONSTANT_CONVERSION = YES;
				CLANG_WARN_DEPRECATED_OBJC_IMPLEMENTATIONS = YES;
				CLANG_WARN_DIRECT_OBJC_ISA_USAGE = YES_ERROR;
				CLANG_WARN_DOCUMENTATION_COMMENTS = YES;
				CLANG_WARN_EMPTY_BODY = YES;
				CLANG_WARN_ENUM_CONVERSION = YES;
				CLANG_WARN_INFINITE_RECURSION = YES;
				CLANG_WARN_INT_CONVERSION = YES;
				CLANG_WARN_NON_LITERAL_NULL_CONVERSION = YES;
				CLANG_WARN_OBJC_IMPLICIT_RETAIN_SELF = YES;
				CLANG_WARN_OBJC_LITERAL_CONVERSION = YES;
				CLANG_WARN_OBJC_ROOT_CLASS = YES_ERROR;
				CLANG_WARN_QUOTED_INCLUDE_IN_FRAMEWORK_HEADER = YES;
				CLANG_WARN_RANGE_LOOP_ANALYSIS = YES;
				CLANG_WARN_STRICT_PROTOTYPES = YES;
				CLANG_WARN_SUSPICIOUS_MOVE = YES;
				CLANG_WARN_UNGUARDED_AVAILABILITY = YES_AGGRESSIVE;
				CLANG_WARN_UNREACHABLE_CODE = YES;
				CLANG_WARN__DUPLICATE_METHOD_MATCH = YES;
				COPY_PHASE_STRIP = NO;
				DEBUG_INFORMATION_FORMAT = "dwarf-with-dsym";
				ENABLE_NS_ASSERTIONS = NO;
				ENABLE_STRICT_OBJC_MSGSEND = YES;
				GCC_C_LANGUAGE_STANDARD = gnu11;
				GCC_NO_COMMON_BLOCKS = YES;
				GCC_WARN_64_TO_32_BIT_CONVERSION = YES;
				GCC_WARN_ABOUT_RETURN_TYPE = YES_ERROR;
				GCC_WARN_UNDECLARED_SELECTOR = YES;
				GCC_WARN_UNINITIALIZED_AUTOS = YES_AGGRESSIVE;
				GCC_WARN_UNUSED_FUNCTION = YES;
				GCC_WARN_UNUSED_VARIABLE = YES;
				IPHONEOS_DEPLOYMENT_TARGET = 16.4;
				MTL_ENABLE_DEBUG_INFO = NO;
				MTL_FAST_MATH = YES;
				SDKROOT = iphoneos;
				SWIFT_COMPILATION_MODE = wholemodule;
				SWIFT_OPTIMIZATION_LEVEL = "-O";
				VALIDATE_PRODUCT = YES;
			};
			name = Release;
		};
		EB61E4EE2A95C9BC00017AF9 /* Debug */ = {
			isa = XCBuildConfiguration;
			buildSettings = {
				ASSETCATALOG_COMPILER_APPICON_NAME = AppIcon;
				ASSETCATALOG_COMPILER_GLOBAL_ACCENT_COLOR_NAME = AccentColor;
				CODE_SIGN_STYLE = Automatic;
				CURRENT_PROJECT_VERSION = 1;
				GENERATE_INFOPLIST_FILE = YES;
				INFOPLIST_FILE = "Training Assignment/Info.plist";
				INFOPLIST_KEY_UIApplicationSupportsIndirectInputEvents = YES;
				INFOPLIST_KEY_UILaunchStoryboardName = LaunchScreen;
				INFOPLIST_KEY_UIMainStoryboardFile = Main;
				INFOPLIST_KEY_UISupportedInterfaceOrientations = UIInterfaceOrientationPortrait;
				LD_RUNPATH_SEARCH_PATHS = (
					"$(inherited)",
					"@executable_path/Frameworks",
				);
				MARKETING_VERSION = 1.0;
				PRODUCT_BUNDLE_IDENTIFIER = "Trial.Training-Assignment";
				PRODUCT_NAME = "$(TARGET_NAME)";
				SWIFT_EMIT_LOC_STRINGS = YES;
				SWIFT_VERSION = 5.0;
				TARGETED_DEVICE_FAMILY = "1,2";
			};
			name = Debug;
		};
		EB61E4EF2A95C9BC00017AF9 /* Release */ = {
			isa = XCBuildConfiguration;
			buildSettings = {
				ASSETCATALOG_COMPILER_APPICON_NAME = AppIcon;
				ASSETCATALOG_COMPILER_GLOBAL_ACCENT_COLOR_NAME = AccentColor;
				CODE_SIGN_STYLE = Automatic;
				CURRENT_PROJECT_VERSION = 1;
				GENERATE_INFOPLIST_FILE = YES;
				INFOPLIST_FILE = "Training Assignment/Info.plist";
				INFOPLIST_KEY_UIApplicationSupportsIndirectInputEvents = YES;
				INFOPLIST_KEY_UILaunchStoryboardName = LaunchScreen;
				INFOPLIST_KEY_UIMainStoryboardFile = Main;
				INFOPLIST_KEY_UISupportedInterfaceOrientations = UIInterfaceOrientationPortrait;
				LD_RUNPATH_SEARCH_PATHS = (
					"$(inherited)",
					"@executable_path/Frameworks",
				);
				MARKETING_VERSION = 1.0;
				PRODUCT_BUNDLE_IDENTIFIER = "Trial.Training-Assignment";
				PRODUCT_NAME = "$(TARGET_NAME)";
				SWIFT_EMIT_LOC_STRINGS = YES;
				SWIFT_VERSION = 5.0;
				TARGETED_DEVICE_FAMILY = "1,2";
			};
			name = Release;
		};
/* End XCBuildConfiguration section */

/* Begin XCConfigurationList section */
		EB61E4D42A95C9BB00017AF9 /* Build configuration list for PBXProject "Training Assignment" */ = {
			isa = XCConfigurationList;
			buildConfigurations = (
				EB61E4EB2A95C9BC00017AF9 /* Debug */,
				EB61E4EC2A95C9BC00017AF9 /* Release */,
			);
			defaultConfigurationIsVisible = 0;
			defaultConfigurationName = Release;
		};
		EB61E4ED2A95C9BC00017AF9 /* Build configuration list for PBXNativeTarget "Training Assignment" */ = {
			isa = XCConfigurationList;
			buildConfigurations = (
				EB61E4EE2A95C9BC00017AF9 /* Debug */,
				EB61E4EF2A95C9BC00017AF9 /* Release */,
			);
			defaultConfigurationIsVisible = 0;
			defaultConfigurationName = Release;
		};
/* End XCConfigurationList section */
	};
	rootObject = EB61E4D12A95C9BB00017AF9 /* Project object */;
}
